
Microsoft Visual Studio Solution File, Format Version 12.00
# Visual Studio Version 16
VisualStudioVersion = 16.0.29009.5
MinimumVisualStudioVersion = 10.0.40219.1
Project("{2150E333-8FDC-42A3-9474-1A3956D46DE8}") = "src", "src", "{29FEB904-3381-4CE0-9FA9-5D0132364758}"
EndProject
Project("{2150E333-8FDC-42A3-9474-1A3956D46DE8}") = "tests", "tests", "{4A27330A-FBF0-4B2A-8458-1054BEEA8653}"
EndProject
Project("{9A19103F-16F7-4668-BE54-9A1E7A4F7556}") = "Dahl.Extensions.Tests", "tests\Dahl.Extensions.Tests\Dahl.Extensions.Tests.csproj", "{EE27EE7F-ABDF-4D8D-A8A7-8ABB81CED91C}"
EndProject
Project("{9A19103F-16F7-4668-BE54-9A1E7A4F7556}") = "Dahl.Extensions", "src\Dahl.Extensions\Dahl.Extensions.csproj", "{CE4356BA-4854-4EDD-85F7-F05A1CD1968B}"
EndProject
Project("{2150E333-8FDC-42A3-9474-1A3956D46DE8}") = "Solution Items", "Solution Items", "{31ECA9B7-136F-406B-8D6A-3AA6707ED824}"
	ProjectSection(SolutionItems) = preProject
		LICENSE.txt = LICENSE.txt
		README.md = README.md
	EndProjectSection
EndProject
Global
	GlobalSection(SolutionConfigurationPlatforms) = preSolution
		Debug|Any CPU = Debug|Any CPU
		Release|Any CPU = Release|Any CPU
	EndGlobalSection
	GlobalSection(ProjectConfigurationPlatforms) = postSolution
		{EE27EE7F-ABDF-4D8D-A8A7-8ABB81CED91C}.Debug|Any CPU.ActiveCfg = Debug|Any CPU
		{EE27EE7F-ABDF-4D8D-A8A7-8ABB81CED91C}.Debug|Any CPU.Build.0 = Debug|Any CPU
		{EE27EE7F-ABDF-4D8D-A8A7-8ABB81CED91C}.Release|Any CPU.ActiveCfg = Release|Any CPU
		{EE27EE7F-ABDF-4D8D-A8A7-8ABB81CED91C}.Release|Any CPU.Build.0 = Release|Any CPU
		{CE4356BA-4854-4EDD-85F7-F05A1CD1968B}.Debug|Any CPU.ActiveCfg = Debug|Any CPU
		{CE4356BA-4854-4EDD-85F7-F05A1CD1968B}.Debug|Any CPU.Build.0 = Debug|Any CPU
		{CE4356BA-4854-4EDD-85F7-F05A1CD1968B}.Release|Any CPU.ActiveCfg = Release|Any CPU
		{CE4356BA-4854-4EDD-85F7-F05A1CD1968B}.Release|Any CPU.Build.0 = Release|Any CPU
	EndGlobalSection
	GlobalSection(SolutionProperties) = preSolution
		HideSolutionNode = FALSE
	EndGlobalSection
	GlobalSection(NestedProjects) = preSolution
		{EE27EE7F-ABDF-4D8D-A8A7-8ABB81CED91C} = {4A27330A-FBF0-4B2A-8458-1054BEEA8653}
		{CE4356BA-4854-4EDD-85F7-F05A1CD1968B} = {29FEB904-3381-4CE0-9FA9-5D0132364758}
	EndGlobalSection
	GlobalSection(ExtensibilityGlobals) = postSolution
		SolutionGuid = {18F454DC-95DD-49FE-844C-042FE76F37AC}
	EndGlobalSection
EndGlobal
